
Microsoft Visual Studio Solution File, Format Version 12.00
# Visual Studio Version 17
VisualStudioVersion = 17.1.32414.318
MinimumVisualStudioVersion = 10.0.40219.1
Project("{FAE04EC0-301F-11D3-BF4B-00C04F79EFBC}") = "rustQueueSkipForms", "rustQueueSkipForms\rustQueueSkipForms.csproj", "{FA40E5A1-5E11-4FA7-8CD1-7393B80D12E9}"
EndProject
Global
	GlobalSection(SolutionConfigurationPlatforms) = preSolution
		Debug|Any CPU = Debug|Any CPU
		Release|Any CPU = Release|Any CPU
	EndGlobalSection
	GlobalSection(ProjectConfigurationPlatforms) = postSolution
		{FA40E5A1-5E11-4FA7-8CD1-7393B80D12E9}.Debug|Any CPU.ActiveCfg = Debug|Any CPU
		{FA40E5A1-5E11-4FA7-8CD1-7393B80D12E9}.Debug|Any CPU.Build.0 = Debug|Any CPU
		{FA40E5A1-5E11-4FA7-8CD1-7393B80D12E9}.Release|Any CPU.ActiveCfg = Release|Any CPU
		{FA40E5A1-5E11-4FA7-8CD1-7393B80D12E9}.Release|Any CPU.Build.0 = Release|Any CPU
	EndGlobalSection
	GlobalSection(SolutionProperties) = preSolution
		HideSolutionNode = FALSE
	EndGlobalSection
	GlobalSection(ExtensibilityGlobals) = postSolution
		SolutionGuid = {04B4029E-371F-4F4F-9AAA-B28D697FD622}
	EndGlobalSection
EndGlobal
